// !$*UTF8*$!
{
	archiveVersion = 1;
	classes = {
	};
	objectVersion = 55;
	objects = {

/* Begin PBXBuildFile section */
		185437AC27700A85004DAA1F /* AppDelegate.swift in Sources */ = {isa = PBXBuildFile; fileRef = 185437AB27700A85004DAA1F /* AppDelegate.swift */; };
		185437AE27700A85004DAA1F /* SceneDelegate.swift in Sources */ = {isa = PBXBuildFile; fileRef = 185437AD27700A85004DAA1F /* SceneDelegate.swift */; };
		185437B527700A8D004DAA1F /* Assets.xcassets in Resources */ = {isa = PBXBuildFile; fileRef = 185437B427700A8D004DAA1F /* Assets.xcassets */; };
		185437C027700AC3004DAA1F /* LaunchScreen.xib in Resources */ = {isa = PBXBuildFile; fileRef = 185437BF27700AC3004DAA1F /* LaunchScreen.xib */; };
		185437C327700AD1004DAA1F /* HorizontalLineRoundedCorners.swift in Sources */ = {isa = PBXBuildFile; fileRef = 185437C227700AD1004DAA1F /* HorizontalLineRoundedCorners.swift */; };
		185437C727700B1A004DAA1F /* MainVieViewController.swift in Sources */ = {isa = PBXBuildFile; fileRef = 185437C527700B1A004DAA1F /* MainVieViewController.swift */; };
		185437C827700B1A004DAA1F /* MainVieViewController.xib in Resources */ = {isa = PBXBuildFile; fileRef = 185437C627700B1A004DAA1F /* MainVieViewController.xib */; };
/* End PBXBuildFile section */

/* Begin PBXFileReference section */
		185437A827700A85004DAA1F /* IBDesignableTemplate.app */ = {isa = PBXFileReference; explicitFileType = wrapper.application; includeInIndex = 0; path = IBDesignableTemplate.app; sourceTree = BUILT_PRODUCTS_DIR; };
		185437AB27700A85004DAA1F /* AppDelegate.swift */ = {isa = PBXFileReference; lastKnownFileType = sourcecode.swift; path = AppDelegate.swift; sourceTree = "<group>"; };
		185437AD27700A85004DAA1F /* SceneDelegate.swift */ = {isa = PBXFileReference; lastKnownFileType = sourcecode.swift; path = SceneDelegate.swift; sourceTree = "<group>"; };
		185437B427700A8D004DAA1F /* Assets.xcassets */ = {isa = PBXFileReference; lastKnownFileType = folder.assetcatalog; path = Assets.xcassets; sourceTree = "<group>"; };
		185437B927700A8D004DAA1F /* Info.plist */ = {isa = PBXFileReference; lastKnownFileType = text.plist.xml; path = Info.plist; sourceTree = "<group>"; };
		185437BF27700AC3004DAA1F /* LaunchScreen.xib */ = {isa = PBXFileReference; fileEncoding = 4; lastKnownFileType = file.xib; path = LaunchScreen.xib; sourceTree = "<group>"; };
		185437C227700AD1004DAA1F /* HorizontalLineRoundedCorners.swift */ = {isa = PBXFileReference; fileEncoding = 4; lastKnownFileType = sourcecode.swift; path = HorizontalLineRoundedCorners.swift; sourceTree = "<group>"; };
		185437C527700B1A004DAA1F /* MainVieViewController.swift */ = {isa = PBXFileReference; lastKnownFileType = sourcecode.swift; path = MainVieViewController.swift; sourceTree = "<group>"; };
		185437C627700B1A004DAA1F /* MainVieViewController.xib */ = {isa = PBXFileReference; lastKnownFileType = file.xib; path = MainVieViewController.xib; sourceTree = "<group>"; };
/* End PBXFileReference section */

/* Begin PBXFrameworksBuildPhase section */
		185437A527700A85004DAA1F /* Frameworks */ = {
			isa = PBXFrameworksBuildPhase;
			buildActionMask = 2147483647;
			files = (
			);
			runOnlyForDeploymentPostprocessing = 0;
		};
/* End PBXFrameworksBuildPhase section */

/* Begin PBXGroup section */
		1854379F27700A85004DAA1F = {
			isa = PBXGroup;
			children = (
				185437AA27700A85004DAA1F /* IBDesignableTemplate */,
				185437A927700A85004DAA1F /* Products */,
			);
			sourceTree = "<group>";
		};
		185437A927700A85004DAA1F /* Products */ = {
			isa = PBXGroup;
			children = (
				185437A827700A85004DAA1F /* IBDesignableTemplate.app */,
			);
			name = Products;
			sourceTree = "<group>";
		};
		185437AA27700A85004DAA1F /* IBDesignableTemplate */ = {
			isa = PBXGroup;
			children = (
				185437B927700A8D004DAA1F /* Info.plist */,
				185437C427700AE5004DAA1F /* Resources */,
				185437C127700AD1004DAA1F /* IBDesignable */,
				185437C527700B1A004DAA1F /* MainVieViewController.swift */,
				185437C627700B1A004DAA1F /* MainVieViewController.xib */,
			);
			path = IBDesignableTemplate;
			sourceTree = "<group>";
		};
		185437C127700AD1004DAA1F /* IBDesignable */ = {
			isa = PBXGroup;
			children = (
				185437C227700AD1004DAA1F /* HorizontalLineRoundedCorners.swift */,
			);
			path = IBDesignable;
			sourceTree = "<group>";
		};
		185437C427700AE5004DAA1F /* Resources */ = {
			isa = PBXGroup;
			children = (
				185437B427700A8D004DAA1F /* Assets.xcassets */,
				185437AB27700A85004DAA1F /* AppDelegate.swift */,
				185437AD27700A85004DAA1F /* SceneDelegate.swift */,
				185437BF27700AC3004DAA1F /* LaunchScreen.xib */,
			);
			path = Resources;
			sourceTree = "<group>";
		};
/* End PBXGroup section */

/* Begin PBXNativeTarget section */
		185437A727700A85004DAA1F /* IBDesignableTemplate */ = {
			isa = PBXNativeTarget;
			buildConfigurationList = 185437BC27700A8D004DAA1F /* Build configuration list for PBXNativeTarget "IBDesignableTemplate" */;
			buildPhases = (
				185437A427700A85004DAA1F /* Sources */,
				185437A527700A85004DAA1F /* Frameworks */,
				185437A627700A85004DAA1F /* Resources */,
			);
			buildRules = (
			);
			dependencies = (
			);
			name = IBDesignableTemplate;
			productName = IBDesignableTemplate;
			productReference = 185437A827700A85004DAA1F /* IBDesignableTemplate.app */;
			productType = "com.apple.product-type.application";
		};
/* End PBXNativeTarget section */

/* Begin PBXProject section */
		185437A027700A85004DAA1F /* Project object */ = {
			isa = PBXProject;
			attributes = {
				BuildIndependentTargetsInParallel = 1;
				LastSwiftUpdateCheck = 1300;
				LastUpgradeCheck = 1300;
				TargetAttributes = {
					185437A727700A85004DAA1F = {
						CreatedOnToolsVersion = 13.0;
					};
				};
			};
			buildConfigurationList = 185437A327700A85004DAA1F /* Build configuration list for PBXProject "IBDesignableTemplate" */;
			compatibilityVersion = "Xcode 13.0";
			developmentRegion = en;
			hasScannedForEncodings = 0;
			knownRegions = (
				en,
				Base,
			);
			mainGroup = 1854379F27700A85004DAA1F;
			productRefGroup = 185437A927700A85004DAA1F /* Products */;
			projectDirPath = "";
			projectRoot = "";
			targets = (
				185437A727700A85004DAA1F /* IBDesignableTemplate */,
			);
		};
/* End PBXProject section */

/* Begin PBXResourcesBuildPhase section */
		185437A627700A85004DAA1F /* Resources */ = {
			isa = PBXResourcesBuildPhase;
			buildActionMask = 2147483647;
			files = (
				185437C027700AC3004DAA1F /* LaunchScreen.xib in Resources */,
				185437C827700B1A004DAA1F /* MainVieViewController.xib in Resources */,
				185437B527700A8D004DAA1F /* Assets.xcassets in Resources */,
			);
			runOnlyForDeploymentPostprocessing = 0;
		};
/* End PBXResourcesBuildPhase section */

/* Begin PBXSourcesBuildPhase section */
		185437A427700A85004DAA1F /* Sources */ = {
			isa = PBXSourcesBuildPhase;
			buildActionMask = 2147483647;
			files = (
				185437C327700AD1004DAA1F /* HorizontalLineRoundedCorners.swift in Sources */,
				185437AC27700A85004DAA1F /* AppDelegate.swift in Sources */,
				185437C727700B1A004DAA1F /* MainVieViewController.swift in Sources */,
				185437AE27700A85004DAA1F /* SceneDelegate.swift in Sources */,
			);
			runOnlyForDeploymentPostprocessing = 0;
		};
/* End PBXSourcesBuildPhase section */

/* Begin XCBuildConfiguration section */
		185437BA27700A8D004DAA1F /* Debug */ = {
			isa = XCBuildConfiguration;
			buildSettings = {
				ALWAYS_SEARCH_USER_PATHS = NO;
				CLANG_ANALYZER_NONNULL = YES;
				CLANG_ANALYZER_NUMBER_OBJECT_CONVERSION = YES_AGGRESSIVE;
				CLANG_CXX_LANGUAGE_STANDARD = "gnu++17";
				CLANG_CXX_LIBRARY = "libc++";
				CLANG_ENABLE_MODULES = YES;
				CLANG_ENABLE_OBJC_ARC = YES;
				CLANG_ENABLE_OBJC_WEAK = YES;
				CLANG_WARN_BLOCK_CAPTURE_AUTORELEASING = YES;
				CLANG_WARN_BOOL_CONVERSION = YES;
				CLANG_WARN_COMMA = YES;
				CLANG_WARN_CONSTANT_CONVERSION = YES;
				CLANG_WARN_DEPRECATED_OBJC_IMPLEMENTATIONS = YES;
				CLANG_WARN_DIRECT_OBJC_ISA_USAGE = YES_ERROR;
				CLANG_WARN_DOCUMENTATION_COMMENTS = YES;
				CLANG_WARN_EMPTY_BODY = YES;
				CLANG_WARN_ENUM_CONVERSION = YES;
				CLANG_WARN_INFINITE_RECURSION = YES;
				CLANG_WARN_INT_CONVERSION = YES;
				CLANG_WARN_NON_LITERAL_NULL_CONVERSION = YES;
				CLANG_WARN_OBJC_IMPLICIT_RETAIN_SELF = YES;
				CLANG_WARN_OBJC_LITERAL_CONVERSION = YES;
				CLANG_WARN_OBJC_ROOT_CLASS = YES_ERROR;
				CLANG_WARN_QUOTED_INCLUDE_IN_FRAMEWORK_HEADER = YES;
				CLANG_WARN_RANGE_LOOP_ANALYSIS = YES;
				CLANG_WARN_STRICT_PROTOTYPES = YES;
				CLANG_WARN_SUSPICIOUS_MOVE = YES;
				CLANG_WARN_UNGUARDED_AVAILABILITY = YES_AGGRESSIVE;
				CLANG_WARN_UNREACHABLE_CODE = YES;
				CLANG_WARN__DUPLICATE_METHOD_MATCH = YES;
				COPY_PHASE_STRIP = NO;
				DEBUG_INFORMATION_FORMAT = dwarf;
				ENABLE_STRICT_OBJC_MSGSEND = YES;
				ENABLE_TESTABILITY = YES;
				GCC_C_LANGUAGE_STANDARD = gnu11;
				GCC_DYNAMIC_NO_PIC = NO;
				GCC_NO_COMMON_BLOCKS = YES;
				GCC_OPTIMIZATION_LEVEL = 0;
				GCC_PREPROCESSOR_DEFINITIONS = (
					"DEBUG=1",
					"$(inherited)",
				);
				GCC_WARN_64_TO_32_BIT_CONVERSION = YES;
				GCC_WARN_ABOUT_RETURN_TYPE = YES_ERROR;
				GCC_WARN_UNDECLARED_SELECTOR = YES;
				GCC_WARN_UNINITIALIZED_AUTOS = YES_AGGRESSIVE;
				GCC_WARN_UNUSED_FUNCTION = YES;
				GCC_WARN_UNUSED_VARIABLE = YES;
				IPHONEOS_DEPLOYMENT_TARGET = 15.0;
				MTL_ENABLE_DEBUG_INFO = INCLUDE_SOURCE;
				MTL_FAST_MATH = YES;
				ONLY_ACTIVE_ARCH = YES;
				SDKROOT = iphoneos;
				SWIFT_ACTIVE_COMPILATION_CONDITIONS = DEBUG;
				SWIFT_OPTIMIZATION_LEVEL = "-Onone";
			};
			name = Debug;
		};
		185437BB27700A8D004DAA1F /* Release */ = {
			isa = XCBuildConfiguration;
			buildSettings = {
				ALWAYS_SEARCH_USER_PATHS = NO;
				CLANG_ANALYZER_NONNULL = YES;
				CLANG_ANALYZER_NUMBER_OBJECT_CONVERSION = YES_AGGRESSIVE;
				CLANG_CXX_LANGUAGE_STANDARD = "gnu++17";
				CLANG_CXX_LIBRARY = "libc++";
				CLANG_ENABLE_MODULES = YES;
				CLANG_ENABLE_OBJC_ARC = YES;
				CLANG_ENABLE_OBJC_WEAK = YES;
				CLANG_WARN_BLOCK_CAPTURE_AUTORELEASING = YES;
				CLANG_WARN_BOOL_CONVERSION = YES;
				CLANG_WARN_COMMA = YES;
				CLANG_WARN_CONSTANT_CONVERSION = YES;
				CLANG_WARN_DEPRECATED_OBJC_IMPLEMENTATIONS = YES;
				CLANG_WARN_DIRECT_OBJC_ISA_USAGE = YES_ERROR;
				CLANG_WARN_DOCUMENTATION_COMMENTS = YES;
				CLANG_WARN_EMPTY_BODY = YES;
				CLANG_WARN_ENUM_CONVERSION = YES;
				CLANG_WARN_INFINITE_RECURSION = YES;
				CLANG_WARN_INT_CONVERSION = YES;
				CLANG_WARN_NON_LITERAL_NULL_CONVERSION = YES;
				CLANG_WARN_OBJC_IMPLICIT_RETAIN_SELF = YES;
				CLANG_WARN_OBJC_LITERAL_CONVERSION = YES;
				CLANG_WARN_OBJC_ROOT_CLASS = YES_ERROR;
				CLANG_WARN_QUOTED_INCLUDE_IN_FRAMEWORK_HEADER = YES;
				CLANG_WARN_RANGE_LOOP_ANALYSIS = YES;
				CLANG_WARN_STRICT_PROTOTYPES = YES;
				CLANG_WARN_SUSPICIOUS_MOVE = YES;
				CLANG_WARN_UNGUARDED_AVAILABILITY = YES_AGGRESSIVE;
				CLANG_WARN_UNREACHABLE_CODE = YES;
				CLANG_WARN__DUPLICATE_METHOD_MATCH = YES;
				COPY_PHASE_STRIP = NO;
				DEBUG_INFORMATION_FORMAT = "dwarf-with-dsym";
				ENABLE_NS_ASSERTIONS = NO;
				ENABLE_STRICT_OBJC_MSGSEND = YES;
				GCC_C_LANGUAGE_STANDARD = gnu11;
				GCC_NO_COMMON_BLOCKS = YES;
				GCC_WARN_64_TO_32_BIT_CONVERSION = YES;
				GCC_WARN_ABOUT_RETURN_TYPE = YES_ERROR;
				GCC_WARN_UNDECLARED_SELECTOR = YES;
				GCC_WARN_UNINITIALIZED_AUTOS = YES_AGGRESSIVE;
				GCC_WARN_UNUSED_FUNCTION = YES;
				GCC_WARN_UNUSED_VARIABLE = YES;
				IPHONEOS_DEPLOYMENT_TARGET = 15.0;
				MTL_ENABLE_DEBUG_INFO = NO;
				MTL_FAST_MATH = YES;
				SDKROOT = iphoneos;
				SWIFT_COMPILATION_MODE = wholemodule;
				SWIFT_OPTIMIZATION_LEVEL = "-O";
				VALIDATE_PRODUCT = YES;
			};
			name = Release;
		};
		185437BD27700A8D004DAA1F /* Debug */ = {
			isa = XCBuildConfiguration;
			buildSettings = {
				ASSETCATALOG_COMPILER_APPICON_NAME = AppIcon;
				ASSETCATALOG_COMPILER_GLOBAL_ACCENT_COLOR_NAME = AccentColor;
				CODE_SIGN_STYLE = Automatic;
				CURRENT_PROJECT_VERSION = 1;
				DEVELOPMENT_TEAM = T9ZJWJGCBB;
				GENERATE_INFOPLIST_FILE = YES;
				INFOPLIST_FILE = IBDesignableTemplate/Info.plist;
				INFOPLIST_KEY_UIApplicationSupportsIndirectInputEvents = YES;
				INFOPLIST_KEY_UILaunchStoryboardName = LaunchScreen;
				INFOPLIST_KEY_UISupportedInterfaceOrientations_iPad = "UIInterfaceOrientationPortrait UIInterfaceOrientationPortraitUpsideDown UIInterfaceOrientationLandscapeLeft UIInterfaceOrientationLandscapeRight";
				INFOPLIST_KEY_UISupportedInterfaceOrientations_iPhone = "UIInterfaceOrientationPortrait UIInterfaceOrientationLandscapeLeft UIInterfaceOrientationLandscapeRight";
				LD_RUNPATH_SEARCH_PATHS = (
					"$(inherited)",
					"@executable_path/Frameworks",
				);
				MARKETING_VERSION = 1.0;
				PRODUCT_BUNDLE_IDENTIFIER = dev.bressam.IBDesignableTemplate;
				PRODUCT_NAME = "$(TARGET_NAME)";
				SWIFT_EMIT_LOC_STRINGS = YES;
				SWIFT_VERSION = 5.0;
				TARGETED_DEVICE_FAMILY = "1,2";
			};
			name = Debug;
		};
		185437BE27700A8D004DAA1F /* Release */ = {
			isa = XCBuildConfiguration;
			buildSettings = {
				ASSETCATALOG_COMPILER_APPICON_NAME = AppIcon;
				ASSETCATALOG_COMPILER_GLOBAL_ACCENT_COLOR_NAME = AccentColor;
				CODE_SIGN_STYLE = Automatic;
				CURRENT_PROJECT_VERSION = 1;
				DEVELOPMENT_TEAM = T9ZJWJGCBB;
				GENERATE_INFOPLIST_FILE = YES;
				INFOPLIST_FILE = IBDesignableTemplate/Info.plist;
				INFOPLIST_KEY_UIApplicationSupportsIndirectInputEvents = YES;
				INFOPLIST_KEY_UILaunchStoryboardName = LaunchScreen;
				INFOPLIST_KEY_UISupportedInterfaceOrientations_iPad = "UIInterfaceOrientationPortrait UIInterfaceOrientationPortraitUpsideDown UIInterfaceOrientationLandscapeLeft UIInterfaceOrientationLandscapeRight";
				INFOPLIST_KEY_UISupportedInterfaceOrientations_iPhone = "UIInterfaceOrientationPortrait UIInterfaceOrientationLandscapeLeft UIInterfaceOrientationLandscapeRight";
				LD_RUNPATH_SEARCH_PATHS = (
					"$(inherited)",
					"@executable_path/Frameworks",
				);
				MARKETING_VERSION = 1.0;
				PRODUCT_BUNDLE_IDENTIFIER = dev.bressam.IBDesignableTemplate;
				PRODUCT_NAME = "$(TARGET_NAME)";
				SWIFT_EMIT_LOC_STRINGS = YES;
				SWIFT_VERSION = 5.0;
				TARGETED_DEVICE_FAMILY = "1,2";
			};
			name = Release;
		};
/* End XCBuildConfiguration section */

/* Begin XCConfigurationList section */
		185437A327700A85004DAA1F /* Build configuration list for PBXProject "IBDesignableTemplate" */ = {
			isa = XCConfigurationList;
			buildConfigurations = (
				185437BA27700A8D004DAA1F /* Debug */,
				185437BB27700A8D004DAA1F /* Release */,
			);
			defaultConfigurationIsVisible = 0;
			defaultConfigurationName = Release;
		};
		185437BC27700A8D004DAA1F /* Build configuration list for PBXNativeTarget "IBDesignableTemplate" */ = {
			isa = XCConfigurationList;
			buildConfigurations = (
				185437BD27700A8D004DAA1F /* Debug */,
				185437BE27700A8D004DAA1F /* Release */,
			);
			defaultConfigurationIsVisible = 0;
			defaultConfigurationName = Release;
		};
/* End XCConfigurationList section */
	};
	rootObject = 185437A027700A85004DAA1F /* Project object */;
}
